
Microsoft Visual Studio Solution File, Format Version 12.00
# Visual Studio Version 17
VisualStudioVersion = 17.12.35707.178 d17.12
MinimumVisualStudioVersion = 10.0.40219.1
Project("{FAE04EC0-301F-11D3-BF4B-00C04F79EFBC}") = "HelloGreetingApplication", "HelloGreetingApplication\HelloGreetingApplication.csproj", "{D69CAFC3-3561-4BA7-A4FF-82563DE3C3F1}"
EndProject
Project("{FAE04EC0-301F-11D3-BF4B-00C04F79EFBC}") = "BusinessLayer", "BusinessLayer\BusinessLayer.csproj", "{3AC04453-311C-4F98-A2B3-238857E530A3}"
EndProject
Project("{FAE04EC0-301F-11D3-BF4B-00C04F79EFBC}") = "RepositoryLayer", "RepositoryLayer\RepositoryLayer.csproj", "{38CD774D-9F83-48C0-ACC7-C575FDAF6917}"
EndProject
Project("{FAE04EC0-301F-11D3-BF4B-00C04F79EFBC}") = "ModelLayer", "ModelLayer\ModelLayer.csproj", "{20DDFEEE-BF65-444F-8031-6F526199FE6B}"
EndProject
Global
	GlobalSection(SolutionConfigurationPlatforms) = preSolution
		Debug|Any CPU = Debug|Any CPU
		Release|Any CPU = Release|Any CPU
	EndGlobalSection
	GlobalSection(ProjectConfigurationPlatforms) = postSolution
		{D69CAFC3-3561-4BA7-A4FF-82563DE3C3F1}.Debug|Any CPU.ActiveCfg = Debug|Any CPU
		{D69CAFC3-3561-4BA7-A4FF-82563DE3C3F1}.Debug|Any CPU.Build.0 = Debug|Any CPU
		{D69CAFC3-3561-4BA7-A4FF-82563DE3C3F1}.Release|Any CPU.ActiveCfg = Release|Any CPU
		{D69CAFC3-3561-4BA7-A4FF-82563DE3C3F1}.Release|Any CPU.Build.0 = Release|Any CPU
		{3AC04453-311C-4F98-A2B3-238857E530A3}.Debug|Any CPU.ActiveCfg = Debug|Any CPU
		{3AC04453-311C-4F98-A2B3-238857E530A3}.Debug|Any CPU.Build.0 = Debug|Any CPU
		{3AC04453-311C-4F98-A2B3-238857E530A3}.Release|Any CPU.ActiveCfg = Release|Any CPU
		{3AC04453-311C-4F98-A2B3-238857E530A3}.Release|Any CPU.Build.0 = Release|Any CPU
		{38CD774D-9F83-48C0-ACC7-C575FDAF6917}.Debug|Any CPU.ActiveCfg = Debug|Any CPU
		{38CD774D-9F83-48C0-ACC7-C575FDAF6917}.Debug|Any CPU.Build.0 = Debug|Any CPU
		{38CD774D-9F83-48C0-ACC7-C575FDAF6917}.Release|Any CPU.ActiveCfg = Release|Any CPU
		{38CD774D-9F83-48C0-ACC7-C575FDAF6917}.Release|Any CPU.Build.0 = Release|Any CPU
		{20DDFEEE-BF65-444F-8031-6F526199FE6B}.Debug|Any CPU.ActiveCfg = Debug|Any CPU
		{20DDFEEE-BF65-444F-8031-6F526199FE6B}.Debug|Any CPU.Build.0 = Debug|Any CPU
		{20DDFEEE-BF65-444F-8031-6F526199FE6B}.Release|Any CPU.ActiveCfg = Release|Any CPU
		{20DDFEEE-BF65-444F-8031-6F526199FE6B}.Release|Any CPU.Build.0 = Release|Any CPU
	EndGlobalSection
	GlobalSection(SolutionProperties) = preSolution
		HideSolutionNode = FALSE
	EndGlobalSection
EndGlobal
